
Microsoft Visual Studio Solution File, Format Version 12.00
# Visual Studio Version 17
VisualStudioVersion = 17.13.35825.156 d17.13
MinimumVisualStudioVersion = 10.0.40219.1
Project("{FAE04EC0-301F-11D3-BF4B-00C04F79EFBC}") = "BlogApi", "BlogApi\BlogApi.csproj", "{9B189A87-CE16-4A05-94FD-305A91BC632A}"
EndProject
Global
	GlobalSection(SolutionConfigurationPlatforms) = preSolution
		Debug|Any CPU = Debug|Any CPU
		Release|Any CPU = Release|Any CPU
	EndGlobalSection
	GlobalSection(ProjectConfigurationPlatforms) = postSolution
		{9B189A87-CE16-4A05-94FD-305A91BC632A}.Debug|Any CPU.ActiveCfg = Debug|Any CPU
		{9B189A87-CE16-4A05-94FD-305A91BC632A}.Debug|Any CPU.Build.0 = Debug|Any CPU
		{9B189A87-CE16-4A05-94FD-305A91BC632A}.Release|Any CPU.ActiveCfg = Release|Any CPU
		{9B189A87-CE16-4A05-94FD-305A91BC632A}.Release|Any CPU.Build.0 = Release|Any CPU
	EndGlobalSection
	GlobalSection(SolutionProperties) = preSolution
		HideSolutionNode = FALSE
	EndGlobalSection
	GlobalSection(ExtensibilityGlobals) = postSolution
		SolutionGuid = {8698365F-9BCF-4F9A-BD74-50FB9299B772}
	EndGlobalSection
EndGlobal
